
Microsoft Visual Studio Solution File, Format Version 12.00
# Visual Studio Version 16
VisualStudioVersion = 16.0.31424.327
MinimumVisualStudioVersion = 10.0.40219.1
Project("{9A19103F-16F7-4668-BE54-9A1E7A4F7556}") = "Vue", "Vue\Vue.csproj", "{068445C3-98DF-4234-B199-CDE642CD2928}"
EndProject
Project("{FAE04EC0-301F-11D3-BF4B-00C04F79EFBC}") = "Modele", "Modele\Modele.csproj", "{9474BC9C-AF34-4F0D-B02D-3B717B3E099B}"
EndProject
Project("{FAE04EC0-301F-11D3-BF4B-00C04F79EFBC}") = "Test", "Test\Test.csproj", "{37071D53-BF5F-4EB1-B7A9-3E926EB37713}"
EndProject
Project("{FAE04EC0-301F-11D3-BF4B-00C04F79EFBC}") = "Stub", "Stub\Stub.csproj", "{426479B3-8EE4-4AD6-AF57-D3C366D2ACA2}"
EndProject
Global
	GlobalSection(SolutionConfigurationPlatforms) = preSolution
		Debug|Any CPU = Debug|Any CPU
		Release|Any CPU = Release|Any CPU
	EndGlobalSection
	GlobalSection(ProjectConfigurationPlatforms) = postSolution
		{068445C3-98DF-4234-B199-CDE642CD2928}.Debug|Any CPU.ActiveCfg = Debug|Any CPU
		{068445C3-98DF-4234-B199-CDE642CD2928}.Debug|Any CPU.Build.0 = Debug|Any CPU
		{068445C3-98DF-4234-B199-CDE642CD2928}.Release|Any CPU.ActiveCfg = Release|Any CPU
		{068445C3-98DF-4234-B199-CDE642CD2928}.Release|Any CPU.Build.0 = Release|Any CPU
		{9474BC9C-AF34-4F0D-B02D-3B717B3E099B}.Debug|Any CPU.ActiveCfg = Debug|Any CPU
		{9474BC9C-AF34-4F0D-B02D-3B717B3E099B}.Debug|Any CPU.Build.0 = Debug|Any CPU
		{9474BC9C-AF34-4F0D-B02D-3B717B3E099B}.Release|Any CPU.ActiveCfg = Release|Any CPU
		{9474BC9C-AF34-4F0D-B02D-3B717B3E099B}.Release|Any CPU.Build.0 = Release|Any CPU
		{37071D53-BF5F-4EB1-B7A9-3E926EB37713}.Debug|Any CPU.ActiveCfg = Debug|Any CPU
		{37071D53-BF5F-4EB1-B7A9-3E926EB37713}.Debug|Any CPU.Build.0 = Debug|Any CPU
		{37071D53-BF5F-4EB1-B7A9-3E926EB37713}.Release|Any CPU.ActiveCfg = Release|Any CPU
		{37071D53-BF5F-4EB1-B7A9-3E926EB37713}.Release|Any CPU.Build.0 = Release|Any CPU
		{426479B3-8EE4-4AD6-AF57-D3C366D2ACA2}.Debug|Any CPU.ActiveCfg = Debug|Any CPU
		{426479B3-8EE4-4AD6-AF57-D3C366D2ACA2}.Debug|Any CPU.Build.0 = Debug|Any CPU
		{426479B3-8EE4-4AD6-AF57-D3C366D2ACA2}.Release|Any CPU.ActiveCfg = Release|Any CPU
		{426479B3-8EE4-4AD6-AF57-D3C366D2ACA2}.Release|Any CPU.Build.0 = Release|Any CPU
	EndGlobalSection
	GlobalSection(SolutionProperties) = preSolution
		HideSolutionNode = FALSE
	EndGlobalSection
	GlobalSection(ExtensibilityGlobals) = postSolution
		SolutionGuid = {2970EA52-F78D-4A21-A666-B77C74E417D8}
	EndGlobalSection
EndGlobal
